// !$*UTF8*$!
{
	archiveVersion = 1;
	classes = {
	};
	objectVersion = 46;
	objects = {

/* Begin PBXBuildFile section */
		5026D51B1A96831B00273EAD /* main.m in Sources */ = {isa = PBXBuildFile; fileRef = 5026D51A1A96831B00273EAD /* main.m */; };
		5026D51E1A96831B00273EAD /* AppDelegate.m in Sources */ = {isa = PBXBuildFile; fileRef = 5026D51D1A96831B00273EAD /* AppDelegate.m */; };
		5026D5211A96831B00273EAD /* ViewController.m in Sources */ = {isa = PBXBuildFile; fileRef = 5026D5201A96831B00273EAD /* ViewController.m */; };
		5026D5241A96831B00273EAD /* Main.storyboard in Resources */ = {isa = PBXBuildFile; fileRef = 5026D5221A96831B00273EAD /* Main.storyboard */; };
		5026D5261A96831B00273EAD /* Images.xcassets in Resources */ = {isa = PBXBuildFile; fileRef = 5026D5251A96831B00273EAD /* Images.xcassets */; };
		5026D5291A96831B00273EAD /* LaunchScreen.xib in Resources */ = {isa = PBXBuildFile; fileRef = 5026D5271A96831B00273EAD /* LaunchScreen.xib */; };
		5026D5351A96831B00273EAD /* StickyViewTests.m in Sources */ = {isa = PBXBuildFile; fileRef = 5026D5341A96831B00273EAD /* StickyViewTests.m */; };
/* End PBXBuildFile section */

/* Begin PBXContainerItemProxy section */
		5026D52F1A96831B00273EAD /* PBXContainerItemProxy */ = {
			isa = PBXContainerItemProxy;
			containerPortal = 5026D50D1A96831B00273EAD /* Project object */;
			proxyType = 1;
			remoteGlobalIDString = 5026D5141A96831B00273EAD;
			remoteInfo = StickyView;
		};
/* End PBXContainerItemProxy section */

/* Begin PBXFileReference section */
		5026D5151A96831B00273EAD /* StickyView.app */ = {isa = PBXFileReference; explicitFileType = wrapper.application; includeInIndex = 0; path = StickyView.app; sourceTree = BUILT_PRODUCTS_DIR; };
		5026D5191A96831B00273EAD /* Info.plist */ = {isa = PBXFileReference; lastKnownFileType = text.plist.xml; path = Info.plist; sourceTree = "<group>"; };
		5026D51A1A96831B00273EAD /* main.m */ = {isa = PBXFileReference; lastKnownFileType = sourcecode.c.objc; path = main.m; sourceTree = "<group>"; };
		5026D51C1A96831B00273EAD /* AppDelegate.h */ = {isa = PBXFileReference; lastKnownFileType = sourcecode.c.h; path = AppDelegate.h; sourceTree = "<group>"; };
		5026D51D1A96831B00273EAD /* AppDelegate.m */ = {isa = PBXFileReference; lastKnownFileType = sourcecode.c.objc; path = AppDelegate.m; sourceTree = "<group>"; };
		5026D51F1A96831B00273EAD /* ViewController.h */ = {isa = PBXFileReference; lastKnownFileType = sourcecode.c.h; path = ViewController.h; sourceTree = "<group>"; };
		5026D5201A96831B00273EAD /* ViewController.m */ = {isa = PBXFileReference; lastKnownFileType = sourcecode.c.objc; path = ViewController.m; sourceTree = "<group>"; };
		5026D5231A96831B00273EAD /* Base */ = {isa = PBXFileReference; lastKnownFileType = file.storyboard; name = Base; path = Base.lproj/Main.storyboard; sourceTree = "<group>"; };
		5026D5251A96831B00273EAD /* Images.xcassets */ = {isa = PBXFileReference; lastKnownFileType = folder.assetcatalog; path = Images.xcassets; sourceTree = "<group>"; };
		5026D5281A96831B00273EAD /* Base */ = {isa = PBXFileReference; lastKnownFileType = file.xib; name = Base; path = Base.lproj/LaunchScreen.xib; sourceTree = "<group>"; };
		5026D52E1A96831B00273EAD /* StickyViewTests.xctest */ = {isa = PBXFileReference; explicitFileType = wrapper.cfbundle; includeInIndex = 0; path = StickyViewTests.xctest; sourceTree = BUILT_PRODUCTS_DIR; };
		5026D5331A96831B00273EAD /* Info.plist */ = {isa = PBXFileReference; lastKnownFileType = text.plist.xml; path = Info.plist; sourceTree = "<group>"; };
		5026D5341A96831B00273EAD /* StickyViewTests.m */ = {isa = PBXFileReference; lastKnownFileType = sourcecode.c.objc; path = StickyViewTests.m; sourceTree = "<group>"; };
/* End PBXFileReference section */

/* Begin PBXFrameworksBuildPhase section */
		5026D5121A96831B00273EAD /* Frameworks */ = {
			isa = PBXFrameworksBuildPhase;
			buildActionMask = 2147483647;
			files = (
			);
			runOnlyForDeploymentPostprocessing = 0;
		};
		5026D52B1A96831B00273EAD /* Frameworks */ = {
			isa = PBXFrameworksBuildPhase;
			buildActionMask = 2147483647;
			files = (
			);
			runOnlyForDeploymentPostprocessing = 0;
		};
/* End PBXFrameworksBuildPhase section */

/* Begin PBXGroup section */
		5026D50C1A96831B00273EAD = {
			isa = PBXGroup;
			children = (
				5026D5171A96831B00273EAD /* StickyView */,
				5026D5311A96831B00273EAD /* StickyViewTests */,
				5026D5161A96831B00273EAD /* Products */,
			);
			sourceTree = "<group>";
		};
		5026D5161A96831B00273EAD /* Products */ = {
			isa = PBXGroup;
			children = (
				5026D5151A96831B00273EAD /* StickyView.app */,
				5026D52E1A96831B00273EAD /* StickyViewTests.xctest */,
			);
			name = Products;
			sourceTree = "<group>";
		};
		5026D5171A96831B00273EAD /* StickyView */ = {
			isa = PBXGroup;
			children = (
				5026D51C1A96831B00273EAD /* AppDelegate.h */,
				5026D51D1A96831B00273EAD /* AppDelegate.m */,
				5026D51F1A96831B00273EAD /* ViewController.h */,
				5026D5201A96831B00273EAD /* ViewController.m */,
				5026D5221A96831B00273EAD /* Main.storyboard */,
				5026D5251A96831B00273EAD /* Images.xcassets */,
				5026D5271A96831B00273EAD /* LaunchScreen.xib */,
				5026D5181A96831B00273EAD /* Supporting Files */,
			);
			path = StickyView;
			sourceTree = "<group>";
		};
		5026D5181A96831B00273EAD /* Supporting Files */ = {
			isa = PBXGroup;
			children = (
				5026D5191A96831B00273EAD /* Info.plist */,
				5026D51A1A96831B00273EAD /* main.m */,
			);
			name = "Supporting Files";
			sourceTree = "<group>";
		};
		5026D5311A96831B00273EAD /* StickyViewTests */ = {
			isa = PBXGroup;
			children = (
				5026D5341A96831B00273EAD /* StickyViewTests.m */,
				5026D5321A96831B00273EAD /* Supporting Files */,
			);
			path = StickyViewTests;
			sourceTree = "<group>";
		};
		5026D5321A96831B00273EAD /* Supporting Files */ = {
			isa = PBXGroup;
			children = (
				5026D5331A96831B00273EAD /* Info.plist */,
			);
			name = "Supporting Files";
			sourceTree = "<group>";
		};
/* End PBXGroup section */

/* Begin PBXNativeTarget section */
		5026D5141A96831B00273EAD /* StickyView */ = {
			isa = PBXNativeTarget;
			buildConfigurationList = 5026D5381A96831B00273EAD /* Build configuration list for PBXNativeTarget "StickyView" */;
			buildPhases = (
				5026D5111A96831B00273EAD /* Sources */,
				5026D5121A96831B00273EAD /* Frameworks */,
				5026D5131A96831B00273EAD /* Resources */,
			);
			buildRules = (
			);
			dependencies = (
			);
			name = StickyView;
			productName = StickyView;
			productReference = 5026D5151A96831B00273EAD /* StickyView.app */;
			productType = "com.apple.product-type.application";
		};
		5026D52D1A96831B00273EAD /* StickyViewTests */ = {
			isa = PBXNativeTarget;
			buildConfigurationList = 5026D53B1A96831B00273EAD /* Build configuration list for PBXNativeTarget "StickyViewTests" */;
			buildPhases = (
				5026D52A1A96831B00273EAD /* Sources */,
				5026D52B1A96831B00273EAD /* Frameworks */,
				5026D52C1A96831B00273EAD /* Resources */,
			);
			buildRules = (
			);
			dependencies = (
				5026D5301A96831B00273EAD /* PBXTargetDependency */,
			);
			name = StickyViewTests;
			productName = StickyViewTests;
			productReference = 5026D52E1A96831B00273EAD /* StickyViewTests.xctest */;
			productType = "com.apple.product-type.bundle.unit-test";
		};
/* End PBXNativeTarget section */

/* Begin PBXProject section */
		5026D50D1A96831B00273EAD /* Project object */ = {
			isa = PBXProject;
			attributes = {
				LastUpgradeCheck = 0610;
				ORGANIZATIONNAME = "Ido Mizrachi";
				TargetAttributes = {
					5026D5141A96831B00273EAD = {
						CreatedOnToolsVersion = 6.1.1;
					};
					5026D52D1A96831B00273EAD = {
						CreatedOnToolsVersion = 6.1.1;
						TestTargetID = 5026D5141A96831B00273EAD;
					};
				};
			};
			buildConfigurationList = 5026D5101A96831B00273EAD /* Build configuration list for PBXProject "StickyView" */;
			compatibilityVersion = "Xcode 3.2";
			developmentRegion = English;
			hasScannedForEncodings = 0;
			knownRegions = (
				en,
				Base,
			);
			mainGroup = 5026D50C1A96831B00273EAD;
			productRefGroup = 5026D5161A96831B00273EAD /* Products */;
			projectDirPath = "";
			projectRoot = "";
			targets = (
				5026D5141A96831B00273EAD /* StickyView */,
				5026D52D1A96831B00273EAD /* StickyViewTests */,
			);
		};
/* End PBXProject section */

/* Begin PBXResourcesBuildPhase section */
		5026D5131A96831B00273EAD /* Resources */ = {
			isa = PBXResourcesBuildPhase;
			buildActionMask = 2147483647;
			files = (
				5026D5241A96831B00273EAD /* Main.storyboard in Resources */,
				5026D5291A96831B00273EAD /* LaunchScreen.xib in Resources */,
				5026D5261A96831B00273EAD /* Images.xcassets in Resources */,
			);
			runOnlyForDeploymentPostprocessing = 0;
		};
		5026D52C1A96831B00273EAD /* Resources */ = {
			isa = PBXResourcesBuildPhase;
			buildActionMask = 2147483647;
			files = (
			);
			runOnlyForDeploymentPostprocessing = 0;
		};
/* End PBXResourcesBuildPhase section */

/* Begin PBXSourcesBuildPhase section */
		5026D5111A96831B00273EAD /* Sources */ = {
			isa = PBXSourcesBuildPhase;
			buildActionMask = 2147483647;
			files = (
				5026D5211A96831B00273EAD /* ViewController.m in Sources */,
				5026D51E1A96831B00273EAD /* AppDelegate.m in Sources */,
				5026D51B1A96831B00273EAD /* main.m in Sources */,
			);
			runOnlyForDeploymentPostprocessing = 0;
		};
		5026D52A1A96831B00273EAD /* Sources */ = {
			isa = PBXSourcesBuildPhase;
			buildActionMask = 2147483647;
			files = (
				5026D5351A96831B00273EAD /* StickyViewTests.m in Sources */,
			);
			runOnlyForDeploymentPostprocessing = 0;
		};
/* End PBXSourcesBuildPhase section */

/* Begin PBXTargetDependency section */
		5026D5301A96831B00273EAD /* PBXTargetDependency */ = {
			isa = PBXTargetDependency;
			target = 5026D5141A96831B00273EAD /* StickyView */;
			targetProxy = 5026D52F1A96831B00273EAD /* PBXContainerItemProxy */;
		};
/* End PBXTargetDependency section */

/* Begin PBXVariantGroup section */
		5026D5221A96831B00273EAD /* Main.storyboard */ = {
			isa = PBXVariantGroup;
			children = (
				5026D5231A96831B00273EAD /* Base */,
			);
			name = Main.storyboard;
			sourceTree = "<group>";
		};
		5026D5271A96831B00273EAD /* LaunchScreen.xib */ = {
			isa = PBXVariantGroup;
			children = (
				5026D5281A96831B00273EAD /* Base */,
			);
			name = LaunchScreen.xib;
			sourceTree = "<group>";
		};
/* End PBXVariantGroup section */

/* Begin XCBuildConfiguration section */
		5026D5361A96831B00273EAD /* Debug */ = {
			isa = XCBuildConfiguration;
			buildSettings = {
				ALWAYS_SEARCH_USER_PATHS = NO;
				CLANG_CXX_LANGUAGE_STANDARD = "gnu++0x";
				CLANG_CXX_LIBRARY = "libc++";
				CLANG_ENABLE_MODULES = YES;
				CLANG_ENABLE_OBJC_ARC = YES;
				CLANG_WARN_BOOL_CONVERSION = YES;
				CLANG_WARN_CONSTANT_CONVERSION = YES;
				CLANG_WARN_DIRECT_OBJC_ISA_USAGE = YES_ERROR;
				CLANG_WARN_EMPTY_BODY = YES;
				CLANG_WARN_ENUM_CONVERSION = YES;
				CLANG_WARN_INT_CONVERSION = YES;
				CLANG_WARN_OBJC_ROOT_CLASS = YES_ERROR;
				CLANG_WARN_UNREACHABLE_CODE = YES;
				CLANG_WARN__DUPLICATE_METHOD_MATCH = YES;
				"CODE_SIGN_IDENTITY[sdk=iphoneos*]" = "iPhone Developer";
				COPY_PHASE_STRIP = NO;
				ENABLE_STRICT_OBJC_MSGSEND = YES;
				GCC_C_LANGUAGE_STANDARD = gnu99;
				GCC_DYNAMIC_NO_PIC = NO;
				GCC_OPTIMIZATION_LEVEL = 0;
				GCC_PREPROCESSOR_DEFINITIONS = (
					"DEBUG=1",
					"$(inherited)",
				);
				GCC_SYMBOLS_PRIVATE_EXTERN = NO;
				GCC_WARN_64_TO_32_BIT_CONVERSION = YES;
				GCC_WARN_ABOUT_RETURN_TYPE = YES_ERROR;
				GCC_WARN_UNDECLARED_SELECTOR = YES;
				GCC_WARN_UNINITIALIZED_AUTOS = YES_AGGRESSIVE;
				GCC_WARN_UNUSED_FUNCTION = YES;
				GCC_WARN_UNUSED_VARIABLE = YES;
				IPHONEOS_DEPLOYMENT_TARGET = 7.0;
				MTL_ENABLE_DEBUG_INFO = YES;
				ONLY_ACTIVE_ARCH = YES;
				SDKROOT = iphoneos;
			};
			name = Debug;
		};
		5026D5371A96831B00273EAD /* Release */ = {
			isa = XCBuildConfiguration;
			buildSettings = {
				ALWAYS_SEARCH_USER_PATHS = NO;
				CLANG_CXX_LANGUAGE_STANDARD = "gnu++0x";
				CLANG_CXX_LIBRARY = "libc++";
				CLANG_ENABLE_MODULES = YES;
				CLANG_ENABLE_OBJC_ARC = YES;
				CLANG_WARN_BOOL_CONVERSION = YES;
				CLANG_WARN_CONSTANT_CONVERSION = YES;
				CLANG_WARN_DIRECT_OBJC_ISA_USAGE = YES_ERROR;
				CLANG_WARN_EMPTY_BODY = YES;
				CLANG_WARN_ENUM_CONVERSION = YES;
				CLANG_WARN_INT_CONVERSION = YES;
				CLANG_WARN_OBJC_ROOT_CLASS = YES_ERROR;
				CLANG_WARN_UNREACHABLE_CODE = YES;
				CLANG_WARN__DUPLICATE_METHOD_MATCH = YES;
				"CODE_SIGN_IDENTITY[sdk=iphoneos*]" = "iPhone Developer";
				COPY_PHASE_STRIP = YES;
				ENABLE_NS_ASSERTIONS = NO;
				ENABLE_STRICT_OBJC_MSGSEND = YES;
				GCC_C_LANGUAGE_STANDARD = gnu99;
				GCC_WARN_64_TO_32_BIT_CONVERSION = YES;
				GCC_WARN_ABOUT_RETURN_TYPE = YES_ERROR;
				GCC_WARN_UNDECLARED_SELECTOR = YES;
				GCC_WARN_UNINITIALIZED_AUTOS = YES_AGGRESSIVE;
				GCC_WARN_UNUSED_FUNCTION = YES;
				GCC_WARN_UNUSED_VARIABLE = YES;
				IPHONEOS_DEPLOYMENT_TARGET = 7.0;
				MTL_ENABLE_DEBUG_INFO = NO;
				SDKROOT = iphoneos;
				VALIDATE_PRODUCT = YES;
			};
			name = Release;
		};
		5026D5391A96831B00273EAD /* Debug */ = {
			isa = XCBuildConfiguration;
			buildSettings = {
				ASSETCATALOG_COMPILER_APPICON_NAME = AppIcon;
				INFOPLIST_FILE = StickyView/Info.plist;
				LD_RUNPATH_SEARCH_PATHS = "$(inherited) @executable_path/Frameworks";
				PRODUCT_NAME = "$(TARGET_NAME)";
			};
			name = Debug;
		};
		5026D53A1A96831B00273EAD /* Release */ = {
			isa = XCBuildConfiguration;
			buildSettings = {
				ASSETCATALOG_COMPILER_APPICON_NAME = AppIcon;
				INFOPLIST_FILE = StickyView/Info.plist;
				LD_RUNPATH_SEARCH_PATHS = "$(inherited) @executable_path/Frameworks";
				PRODUCT_NAME = "$(TARGET_NAME)";
			};
			name = Release;
		};
		5026D53C1A96831B00273EAD /* Debug */ = {
			isa = XCBuildConfiguration;
			buildSettings = {
				BUNDLE_LOADER = "$(TEST_HOST)";
				FRAMEWORK_SEARCH_PATHS = (
					"$(SDKROOT)/Developer/Library/Frameworks",
					"$(inherited)",
				);
				GCC_PREPROCESSOR_DEFINITIONS = (
					"DEBUG=1",
					"$(inherited)",
				);
				INFOPLIST_FILE = StickyViewTests/Info.plist;
				LD_RUNPATH_SEARCH_PATHS = "$(inherited) @executable_path/Frameworks @loader_path/Frameworks";
				PRODUCT_NAME = "$(TARGET_NAME)";
				TEST_HOST = "$(BUILT_PRODUCTS_DIR)/StickyView.app/StickyView";
			};
			name = Debug;
		};
		5026D53D1A96831B00273EAD /* Release */ = {
			isa = XCBuildConfiguration;
			buildSettings = {
				BUNDLE_LOADER = "$(TEST_HOST)";
				FRAMEWORK_SEARCH_PATHS = (
					"$(SDKROOT)/Developer/Library/Frameworks",
					"$(inherited)",
				);
				INFOPLIST_FILE = StickyViewTests/Info.plist;
				LD_RUNPATH_SEARCH_PATHS = "$(inherited) @executable_path/Frameworks @loader_path/Frameworks";
				PRODUCT_NAME = "$(TARGET_NAME)";
				TEST_HOST = "$(BUILT_PRODUCTS_DIR)/StickyView.app/StickyView";
			};
			name = Release;
		};
/* End XCBuildConfiguration section */

/* Begin XCConfigurationList section */
		5026D5101A96831B00273EAD /* Build configuration list for PBXProject "StickyView" */ = {
			isa = XCConfigurationList;
			buildConfigurations = (
				5026D5361A96831B00273EAD /* Debug */,
				5026D5371A96831B00273EAD /* Release */,
			);
			defaultConfigurationIsVisible = 0;
			defaultConfigurationName = Release;
		};
		5026D5381A96831B00273EAD /* Build configuration list for PBXNativeTarget "StickyView" */ = {
			isa = XCConfigurationList;
			buildConfigurations = (
				5026D5391A96831B00273EAD /* Debug */,
				5026D53A1A96831B00273EAD /* Release */,
			);
			defaultConfigurationIsVisible = 0;
			defaultConfigurationName = Release;
		};
		5026D53B1A96831B00273EAD /* Build configuration list for PBXNativeTarget "StickyViewTests" */ = {
			isa = XCConfigurationList;
			buildConfigurations = (
				5026D53C1A96831B00273EAD /* Debug */,
				5026D53D1A96831B00273EAD /* Release */,
			);
			defaultConfigurationIsVisible = 0;
			defaultConfigurationName = Release;
		};
/* End XCConfigurationList section */
	};
	rootObject = 5026D50D1A96831B00273EAD /* Project object */;
}
